// !$*UTF8*$!
{
	archiveVersion = 1;
	classes = {
	};
	objectVersion = 52;
	objects = {

/* Begin PBXBuildFile section */
		2265C18D2745A2CE0015240A /* FirebaseDatabase in Frameworks */ = {isa = PBXBuildFile; productRef = 2265C18C2745A2CE0015240A /* FirebaseDatabase */; };
		2265C18F2745A2CE0015240A /* FirebaseDatabaseSwift-Beta in Frameworks */ = {isa = PBXBuildFile; productRef = 2265C18E2745A2CE0015240A /* FirebaseDatabaseSwift-Beta */; };
		2265C1922745A2E60015240A /* FirebaseDatabase in Frameworks */ = {isa = PBXBuildFile; productRef = 2265C1912745A2E60015240A /* FirebaseDatabase */; };
		2265C1942745A2E60015240A /* FirebaseDatabaseSwift-Beta in Frameworks */ = {isa = PBXBuildFile; productRef = 2265C1932745A2E60015240A /* FirebaseDatabaseSwift-Beta */; };
		2265C1962745A2EF0015240A /* FirebaseDatabase in Frameworks */ = {isa = PBXBuildFile; productRef = 2265C1952745A2EF0015240A /* FirebaseDatabase */; };
		2265C1982745A2EF0015240A /* FirebaseDatabaseSwift-Beta in Frameworks */ = {isa = PBXBuildFile; productRef = 2265C1972745A2EF0015240A /* FirebaseDatabaseSwift-Beta */; };
		2265C19A2745A2F90015240A /* FirebaseDatabase in Frameworks */ = {isa = PBXBuildFile; productRef = 2265C1992745A2F90015240A /* FirebaseDatabase */; };
		2265C19C2745A2F90015240A /* FirebaseDatabaseSwift-Beta in Frameworks */ = {isa = PBXBuildFile; productRef = 2265C19B2745A2F90015240A /* FirebaseDatabaseSwift-Beta */; };
		2267C8A42742303E00ACF2BC /* Interface.storyboard in Resources */ = {isa = PBXBuildFile; fileRef = 2267C8A22742303E00ACF2BC /* Interface.storyboard */; };
		2267C8A62742304100ACF2BC /* Assets.xcassets in Resources */ = {isa = PBXBuildFile; fileRef = 2267C8A52742304100ACF2BC /* Assets.xcassets */; };
		2267C8AC2742304100ACF2BC /* watch WatchKit Extension.appex in Embed App Extensions */ = {isa = PBXBuildFile; fileRef = 2267C8AB2742304100ACF2BC /* watch WatchKit Extension.appex */; settings = {ATTRIBUTES = (RemoveHeadersOnCopy, ); }; };
		2267C8B12742304100ACF2BC /* InterfaceController.swift in Sources */ = {isa = PBXBuildFile; fileRef = 2267C8B02742304100ACF2BC /* InterfaceController.swift */; };
		2267C8B32742304100ACF2BC /* ExtensionDelegate.swift in Sources */ = {isa = PBXBuildFile; fileRef = 2267C8B22742304100ACF2BC /* ExtensionDelegate.swift */; };
		2267C8B72742304200ACF2BC /* Assets.xcassets in Resources */ = {isa = PBXBuildFile; fileRef = 2267C8B62742304200ACF2BC /* Assets.xcassets */; };
		2267C8BB2742304200ACF2BC /* SSR.app in Embed Watch Content */ = {isa = PBXBuildFile; fileRef = 2267C8A02742303E00ACF2BC /* SSR.app */; settings = {ATTRIBUTES = (RemoveHeadersOnCopy, ); }; };
		22C21F392742D5BA00AC01EE /* GoogleService-Info.plist in Resources */ = {isa = PBXBuildFile; fileRef = 22C21F382742D5BA00AC01EE /* GoogleService-Info.plist */; };
		22C21F3A2742D5BA00AC01EE /* GoogleService-Info.plist in Resources */ = {isa = PBXBuildFile; fileRef = 22C21F382742D5BA00AC01EE /* GoogleService-Info.plist */; };
		22E2CB0D2740F5F900A621CC /* GoogleService-Info.plist in Resources */ = {isa = PBXBuildFile; fileRef = 22E2CB0C2740F5F900A621CC /* GoogleService-Info.plist */; };
		22E4439327471C5400D5D55D /* NetworkMonitor.swift in Sources */ = {isa = PBXBuildFile; fileRef = 22E4439227471C5300D5D55D /* NetworkMonitor.swift */; };
		22E938C82741DA1200FE53E4 /* AppDelegate.swift in Sources */ = {isa = PBXBuildFile; fileRef = 22E938C72741DA1200FE53E4 /* AppDelegate.swift */; };
		22E938CA2741DA1200FE53E4 /* SceneDelegate.swift in Sources */ = {isa = PBXBuildFile; fileRef = 22E938C92741DA1200FE53E4 /* SceneDelegate.swift */; };
		22E938CC2741DA1200FE53E4 /* ViewController.swift in Sources */ = {isa = PBXBuildFile; fileRef = 22E938CB2741DA1200FE53E4 /* ViewController.swift */; };
		22E938CF2741DA1200FE53E4 /* Main.storyboard in Resources */ = {isa = PBXBuildFile; fileRef = 22E938CD2741DA1200FE53E4 /* Main.storyboard */; };
		22E938D42741DA1300FE53E4 /* LaunchScreen.storyboard in Resources */ = {isa = PBXBuildFile; fileRef = 22E938D22741DA1300FE53E4 /* LaunchScreen.storyboard */; };
		22E938DA2741DA2300FE53E4 /* Assets.xcassets in Resources */ = {isa = PBXBuildFile; fileRef = 22E938D92741DA2300FE53E4 /* Assets.xcassets */; };
		22E938DE274226F700FE53E4 /* GoogleService-Info.plist in Resources */ = {isa = PBXBuildFile; fileRef = 22E938DD274226F600FE53E4 /* GoogleService-Info.plist */; };
		D328C73025EE080D003CEAE8 /* AppDelegate.swift in Sources */ = {isa = PBXBuildFile; fileRef = D328C72F25EE080D003CEAE8 /* AppDelegate.swift */; };
		D328C73225EE080D003CEAE8 /* ContentView.swift in Sources */ = {isa = PBXBuildFile; fileRef = D328C73125EE080D003CEAE8 /* ContentView.swift */; };
		D328C73425EE080D003CEAE8 /* Assets.xcassets in Resources */ = {isa = PBXBuildFile; fileRef = D328C73325EE080D003CEAE8 /* Assets.xcassets */; };
		D328C73725EE080D003CEAE8 /* Preview Assets.xcassets in Resources */ = {isa = PBXBuildFile; fileRef = D328C73625EE080D003CEAE8 /* Preview Assets.xcassets */; };
		D328C73A25EE080D003CEAE8 /* Main.storyboard in Resources */ = {isa = PBXBuildFile; fileRef = D328C73825EE080D003CEAE8 /* Main.storyboard */; };
		D328C74525EE0883003CEAE8 /* StatusBarController.swift in Sources */ = {isa = PBXBuildFile; fileRef = D328C74425EE0883003CEAE8 /* StatusBarController.swift */; };
/* End PBXBuildFile section */

/* Begin PBXContainerItemProxy section */
		2267C8AD2742304100ACF2BC /* PBXContainerItemProxy */ = {
			isa = PBXContainerItemProxy;
			containerPortal = D328C72425EE080C003CEAE8 /* Project object */;
			proxyType = 1;
			remoteGlobalIDString = 2267C8AA2742304100ACF2BC;
			remoteInfo = "watch WatchKit Extension";
		};
		2267C8B92742304200ACF2BC /* PBXContainerItemProxy */ = {
			isa = PBXContainerItemProxy;
			containerPortal = D328C72425EE080C003CEAE8 /* Project object */;
			proxyType = 1;
			remoteGlobalIDString = 2267C89F2742303E00ACF2BC;
			remoteInfo = watch;
		};
/* End PBXContainerItemProxy section */

/* Begin PBXCopyFilesBuildPhase section */
		2267C8BC2742304200ACF2BC /* Embed Watch Content */ = {
			isa = PBXCopyFilesBuildPhase;
			buildActionMask = 2147483647;
			dstPath = "$(CONTENTS_FOLDER_PATH)/Watch";
			dstSubfolderSpec = 16;
			files = (
				2267C8BB2742304200ACF2BC /* SSR.app in Embed Watch Content */,
			);
			name = "Embed Watch Content";
			runOnlyForDeploymentPostprocessing = 0;
		};
		2267C8BF2742304200ACF2BC /* Embed App Extensions */ = {
			isa = PBXCopyFilesBuildPhase;
			buildActionMask = 2147483647;
			dstPath = "";
			dstSubfolderSpec = 13;
			files = (
				2267C8AC2742304100ACF2BC /* watch WatchKit Extension.appex in Embed App Extensions */,
			);
			name = "Embed App Extensions";
			runOnlyForDeploymentPostprocessing = 0;
		};
/* End PBXCopyFilesBuildPhase section */

/* Begin PBXFileReference section */
		2267C8A02742303E00ACF2BC /* SSR.app */ = {isa = PBXFileReference; explicitFileType = wrapper.application; includeInIndex = 0; path = SSR.app; sourceTree = BUILT_PRODUCTS_DIR; };
		2267C8A32742303E00ACF2BC /* Base */ = {isa = PBXFileReference; lastKnownFileType = file.storyboard; name = Base; path = Base.lproj/Interface.storyboard; sourceTree = "<group>"; };
		2267C8A52742304100ACF2BC /* Assets.xcassets */ = {isa = PBXFileReference; lastKnownFileType = folder.assetcatalog; path = Assets.xcassets; sourceTree = "<group>"; };
		2267C8AB2742304100ACF2BC /* watch WatchKit Extension.appex */ = {isa = PBXFileReference; explicitFileType = "wrapper.app-extension"; includeInIndex = 0; path = "watch WatchKit Extension.appex"; sourceTree = BUILT_PRODUCTS_DIR; };
		2267C8B02742304100ACF2BC /* InterfaceController.swift */ = {isa = PBXFileReference; lastKnownFileType = sourcecode.swift; path = InterfaceController.swift; sourceTree = "<group>"; };
		2267C8B22742304100ACF2BC /* ExtensionDelegate.swift */ = {isa = PBXFileReference; lastKnownFileType = sourcecode.swift; path = ExtensionDelegate.swift; sourceTree = "<group>"; };
		2267C8B62742304200ACF2BC /* Assets.xcassets */ = {isa = PBXFileReference; lastKnownFileType = folder.assetcatalog; path = Assets.xcassets; sourceTree = "<group>"; };
		2267C8B82742304200ACF2BC /* Info.plist */ = {isa = PBXFileReference; lastKnownFileType = text.plist.xml; path = Info.plist; sourceTree = "<group>"; };
		22C21F382742D5BA00AC01EE /* GoogleService-Info.plist */ = {isa = PBXFileReference; fileEncoding = 4; lastKnownFileType = text.plist.xml; path = "GoogleService-Info.plist"; sourceTree = "<group>"; };
		22E2CB0C2740F5F900A621CC /* GoogleService-Info.plist */ = {isa = PBXFileReference; fileEncoding = 4; lastKnownFileType = text.plist.xml; path = "GoogleService-Info.plist"; sourceTree = "<group>"; };
		22E4439227471C5300D5D55D /* NetworkMonitor.swift */ = {isa = PBXFileReference; fileEncoding = 4; lastKnownFileType = sourcecode.swift; path = NetworkMonitor.swift; sourceTree = "<group>"; };
		22E938C52741DA1200FE53E4 /* iosScreenSaver.app */ = {isa = PBXFileReference; explicitFileType = wrapper.application; includeInIndex = 0; path = iosScreenSaver.app; sourceTree = BUILT_PRODUCTS_DIR; };
		22E938C72741DA1200FE53E4 /* AppDelegate.swift */ = {isa = PBXFileReference; lastKnownFileType = sourcecode.swift; path = AppDelegate.swift; sourceTree = "<group>"; };
		22E938C92741DA1200FE53E4 /* SceneDelegate.swift */ = {isa = PBXFileReference; lastKnownFileType = sourcecode.swift; path = SceneDelegate.swift; sourceTree = "<group>"; };
		22E938CB2741DA1200FE53E4 /* ViewController.swift */ = {isa = PBXFileReference; lastKnownFileType = sourcecode.swift; path = ViewController.swift; sourceTree = "<group>"; };
		22E938CE2741DA1200FE53E4 /* Base */ = {isa = PBXFileReference; lastKnownFileType = file.storyboard; name = Base; path = Base.lproj/Main.storyboard; sourceTree = "<group>"; };
		22E938D32741DA1300FE53E4 /* Base */ = {isa = PBXFileReference; lastKnownFileType = file.storyboard; name = Base; path = Base.lproj/LaunchScreen.storyboard; sourceTree = "<group>"; };
		22E938D52741DA1300FE53E4 /* Info.plist */ = {isa = PBXFileReference; lastKnownFileType = text.plist.xml; path = Info.plist; sourceTree = "<group>"; };
		22E938D92741DA2300FE53E4 /* Assets.xcassets */ = {isa = PBXFileReference; lastKnownFileType = folder.assetcatalog; path = Assets.xcassets; sourceTree = "<group>"; };
		22E938DD274226F600FE53E4 /* GoogleService-Info.plist */ = {isa = PBXFileReference; fileEncoding = 4; lastKnownFileType = text.plist.xml; path = "GoogleService-Info.plist"; sourceTree = "<group>"; };
		D328C72C25EE080D003CEAE8 /* Screen Saver Reciever.app */ = {isa = PBXFileReference; explicitFileType = wrapper.application; includeInIndex = 0; path = "Screen Saver Reciever.app"; sourceTree = BUILT_PRODUCTS_DIR; };
		D328C72F25EE080D003CEAE8 /* AppDelegate.swift */ = {isa = PBXFileReference; lastKnownFileType = sourcecode.swift; path = AppDelegate.swift; sourceTree = "<group>"; };
		D328C73125EE080D003CEAE8 /* ContentView.swift */ = {isa = PBXFileReference; lastKnownFileType = sourcecode.swift; path = ContentView.swift; sourceTree = "<group>"; };
		D328C73325EE080D003CEAE8 /* Assets.xcassets */ = {isa = PBXFileReference; lastKnownFileType = folder.assetcatalog; path = Assets.xcassets; sourceTree = "<group>"; };
		D328C73625EE080D003CEAE8 /* Preview Assets.xcassets */ = {isa = PBXFileReference; lastKnownFileType = folder.assetcatalog; path = "Preview Assets.xcassets"; sourceTree = "<group>"; };
		D328C73925EE080D003CEAE8 /* Base */ = {isa = PBXFileReference; lastKnownFileType = file.storyboard; name = Base; path = Base.lproj/Main.storyboard; sourceTree = "<group>"; };
		D328C73B25EE080D003CEAE8 /* Info.plist */ = {isa = PBXFileReference; lastKnownFileType = text.plist.xml; path = Info.plist; sourceTree = "<group>"; };
		D328C74425EE0883003CEAE8 /* StatusBarController.swift */ = {isa = PBXFileReference; lastKnownFileType = sourcecode.swift; path = StatusBarController.swift; sourceTree = "<group>"; };
/* End PBXFileReference section */

/* Begin PBXFrameworksBuildPhase section */
		2267C8A82742304100ACF2BC /* Frameworks */ = {
			isa = PBXFrameworksBuildPhase;
			buildActionMask = 2147483647;
			files = (
				2265C19C2745A2F90015240A /* FirebaseDatabaseSwift-Beta in Frameworks */,
				2265C19A2745A2F90015240A /* FirebaseDatabase in Frameworks */,
			);
			runOnlyForDeploymentPostprocessing = 0;
		};
		22E938C22741DA1200FE53E4 /* Frameworks */ = {
			isa = PBXFrameworksBuildPhase;
			buildActionMask = 2147483647;
			files = (
				2265C1942745A2E60015240A /* FirebaseDatabaseSwift-Beta in Frameworks */,
				2265C1922745A2E60015240A /* FirebaseDatabase in Frameworks */,
			);
			runOnlyForDeploymentPostprocessing = 0;
		};
		5CF40FDE2782E83BD82AD8FB /* Frameworks */ = {
			isa = PBXFrameworksBuildPhase;
			buildActionMask = 2147483647;
			files = (
				2265C1982745A2EF0015240A /* FirebaseDatabaseSwift-Beta in Frameworks */,
				2265C1962745A2EF0015240A /* FirebaseDatabase in Frameworks */,
			);
			runOnlyForDeploymentPostprocessing = 0;
		};
		D328C72925EE080C003CEAE8 /* Frameworks */ = {
			isa = PBXFrameworksBuildPhase;
			buildActionMask = 2147483647;
			files = (
				2265C18F2745A2CE0015240A /* FirebaseDatabaseSwift-Beta in Frameworks */,
				2265C18D2745A2CE0015240A /* FirebaseDatabase in Frameworks */,
			);
			runOnlyForDeploymentPostprocessing = 0;
		};
/* End PBXFrameworksBuildPhase section */

/* Begin PBXGroup section */
		2265C1902745A2E60015240A /* Frameworks */ = {
			isa = PBXGroup;
			children = (
			);
			name = Frameworks;
			sourceTree = "<group>";
		};
		2267C8A12742303E00ACF2BC /* watch */ = {
			isa = PBXGroup;
			children = (
				2267C8A22742303E00ACF2BC /* Interface.storyboard */,
				2267C8A52742304100ACF2BC /* Assets.xcassets */,
			);
			path = watch;
			sourceTree = "<group>";
		};
		2267C8AF2742304100ACF2BC /* watch WatchKit Extension */ = {
			isa = PBXGroup;
			children = (
				2267C8B02742304100ACF2BC /* InterfaceController.swift */,
				2267C8B22742304100ACF2BC /* ExtensionDelegate.swift */,
				2267C8B62742304200ACF2BC /* Assets.xcassets */,
				22C21F382742D5BA00AC01EE /* GoogleService-Info.plist */,
				2267C8B82742304200ACF2BC /* Info.plist */,
			);
			path = "watch WatchKit Extension";
			sourceTree = "<group>";
		};
		22E938C62741DA1200FE53E4 /* iosScreenSaver */ = {
			isa = PBXGroup;
			children = (
				22E938C72741DA1200FE53E4 /* AppDelegate.swift */,
				22E938C92741DA1200FE53E4 /* SceneDelegate.swift */,
				22E938CB2741DA1200FE53E4 /* ViewController.swift */,
				22E938CD2741DA1200FE53E4 /* Main.storyboard */,
				22E938D92741DA2300FE53E4 /* Assets.xcassets */,
				22E938D22741DA1300FE53E4 /* LaunchScreen.storyboard */,
				22E938DD274226F600FE53E4 /* GoogleService-Info.plist */,
				22E938D52741DA1300FE53E4 /* Info.plist */,
			);
			path = iosScreenSaver;
			sourceTree = "<group>";
		};
		D328C72325EE080C003CEAE8 = {
			isa = PBXGroup;
			children = (
				D328C72E25EE080D003CEAE8 /* Screen Saver */,
				22E938C62741DA1200FE53E4 /* iosScreenSaver */,
				2267C8A12742303E00ACF2BC /* watch */,
				2267C8AF2742304100ACF2BC /* watch WatchKit Extension */,
				D328C72D25EE080D003CEAE8 /* Products */,
				2265C1902745A2E60015240A /* Frameworks */,
			);
			sourceTree = "<group>";
		};
		D328C72D25EE080D003CEAE8 /* Products */ = {
			isa = PBXGroup;
			children = (
				D328C72C25EE080D003CEAE8 /* Screen Saver Reciever.app */,
				22E938C52741DA1200FE53E4 /* iosScreenSaver.app */,
				2267C8A02742303E00ACF2BC /* SSR.app */,
				2267C8AB2742304100ACF2BC /* watch WatchKit Extension.appex */,
			);
			name = Products;
			sourceTree = "<group>";
		};
		D328C72E25EE080D003CEAE8 /* Screen Saver */ = {
			isa = PBXGroup;
			children = (
				D328C72F25EE080D003CEAE8 /* AppDelegate.swift */,
				D328C74425EE0883003CEAE8 /* StatusBarController.swift */,
				D328C73125EE080D003CEAE8 /* ContentView.swift */,
				D328C73325EE080D003CEAE8 /* Assets.xcassets */,
				D328C73825EE080D003CEAE8 /* Main.storyboard */,
				22E4439227471C5300D5D55D /* NetworkMonitor.swift */,
				22E2CB0C2740F5F900A621CC /* GoogleService-Info.plist */,
				D328C73B25EE080D003CEAE8 /* Info.plist */,
				D328C73525EE080D003CEAE8 /* Preview Content */,
			);
			path = "Screen Saver";
			sourceTree = "<group>";
		};
		D328C73525EE080D003CEAE8 /* Preview Content */ = {
			isa = PBXGroup;
			children = (
				D328C73625EE080D003CEAE8 /* Preview Assets.xcassets */,
			);
			path = "Preview Content";
			sourceTree = "<group>";
		};
/* End PBXGroup section */

/* Begin PBXNativeTarget section */
		2267C89F2742303E00ACF2BC /* watch */ = {
			isa = PBXNativeTarget;
			buildConfigurationList = 2267C8C32742304200ACF2BC /* Build configuration list for PBXNativeTarget "watch" */;
			buildPhases = (
				2267C89E2742303E00ACF2BC /* Resources */,
				2267C8BF2742304200ACF2BC /* Embed App Extensions */,
				5CF40FDE2782E83BD82AD8FB /* Frameworks */,
			);
			buildRules = (
			);
			dependencies = (
				2267C8AE2742304100ACF2BC /* PBXTargetDependency */,
			);
			name = watch;
			packageProductDependencies = (
				2265C1952745A2EF0015240A /* FirebaseDatabase */,
				2265C1972745A2EF0015240A /* FirebaseDatabaseSwift-Beta */,
			);
			productName = watch;
			productReference = 2267C8A02742303E00ACF2BC /* SSR.app */;
			productType = "com.apple.product-type.application.watchapp2";
		};
		2267C8AA2742304100ACF2BC /* watch WatchKit Extension */ = {
			isa = PBXNativeTarget;
			buildConfigurationList = 2267C8C22742304200ACF2BC /* Build configuration list for PBXNativeTarget "watch WatchKit Extension" */;
			buildPhases = (
				2267C8A72742304100ACF2BC /* Sources */,
				2267C8A82742304100ACF2BC /* Frameworks */,
				2267C8A92742304100ACF2BC /* Resources */,
			);
			buildRules = (
			);
			dependencies = (
			);
			name = "watch WatchKit Extension";
			packageProductDependencies = (
				2265C1992745A2F90015240A /* FirebaseDatabase */,
				2265C19B2745A2F90015240A /* FirebaseDatabaseSwift-Beta */,
			);
			productName = "watch WatchKit Extension";
			productReference = 2267C8AB2742304100ACF2BC /* watch WatchKit Extension.appex */;
			productType = "com.apple.product-type.watchkit2-extension";
		};
		22E938C42741DA1200FE53E4 /* iosScreenSaver */ = {
			isa = PBXNativeTarget;
			buildConfigurationList = 22E938D62741DA1300FE53E4 /* Build configuration list for PBXNativeTarget "iosScreenSaver" */;
			buildPhases = (
				22E938C12741DA1200FE53E4 /* Sources */,
				22E938C22741DA1200FE53E4 /* Frameworks */,
				22E938C32741DA1200FE53E4 /* Resources */,
				2267C8BC2742304200ACF2BC /* Embed Watch Content */,
			);
			buildRules = (
			);
			dependencies = (
				2267C8BA2742304200ACF2BC /* PBXTargetDependency */,
			);
			name = iosScreenSaver;
			packageProductDependencies = (
				2265C1912745A2E60015240A /* FirebaseDatabase */,
				2265C1932745A2E60015240A /* FirebaseDatabaseSwift-Beta */,
			);
			productName = iosScreenSaver;
			productReference = 22E938C52741DA1200FE53E4 /* iosScreenSaver.app */;
			productType = "com.apple.product-type.application";
		};
		D328C72B25EE080C003CEAE8 /* Screen Saver Reciever */ = {
			isa = PBXNativeTarget;
			buildConfigurationList = D328C73F25EE080D003CEAE8 /* Build configuration list for PBXNativeTarget "Screen Saver Reciever" */;
			buildPhases = (
				D328C72825EE080C003CEAE8 /* Sources */,
				D328C72925EE080C003CEAE8 /* Frameworks */,
				D328C72A25EE080C003CEAE8 /* Resources */,
			);
			buildRules = (
			);
			dependencies = (
			);
			name = "Screen Saver Reciever";
			packageProductDependencies = (
				2265C18C2745A2CE0015240A /* FirebaseDatabase */,
				2265C18E2745A2CE0015240A /* FirebaseDatabaseSwift-Beta */,
			);
			productName = WeatherApp;
			productReference = D328C72C25EE080D003CEAE8 /* Screen Saver Reciever.app */;
			productType = "com.apple.product-type.application";
		};
/* End PBXNativeTarget section */

/* Begin PBXProject section */
		D328C72425EE080C003CEAE8 /* Project object */ = {
			isa = PBXProject;
			attributes = {
				LastSwiftUpdateCheck = 1310;
				LastUpgradeCheck = 1310;
				TargetAttributes = {
					2267C89F2742303E00ACF2BC = {
						CreatedOnToolsVersion = 13.1;
					};
					2267C8AA2742304100ACF2BC = {
						CreatedOnToolsVersion = 13.1;
					};
					22E938C42741DA1200FE53E4 = {
						CreatedOnToolsVersion = 13.1;
					};
					D328C72B25EE080C003CEAE8 = {
						CreatedOnToolsVersion = 12.4;
					};
				};
			};
			buildConfigurationList = D328C72725EE080C003CEAE8 /* Build configuration list for PBXProject "Screen Saver" */;
			compatibilityVersion = "Xcode 9.3";
			developmentRegion = en;
			hasScannedForEncodings = 0;
			knownRegions = (
				en,
				Base,
			);
			mainGroup = D328C72325EE080C003CEAE8;
			packageReferences = (
				2265C18B2745A2CE0015240A /* XCRemoteSwiftPackageReference "firebase-ios-sdk" */,
			);
			productRefGroup = D328C72D25EE080D003CEAE8 /* Products */;
			projectDirPath = "";
			projectRoot = "";
			targets = (
				D328C72B25EE080C003CEAE8 /* Screen Saver Reciever */,
				22E938C42741DA1200FE53E4 /* iosScreenSaver */,
				2267C89F2742303E00ACF2BC /* watch */,
				2267C8AA2742304100ACF2BC /* watch WatchKit Extension */,
			);
		};
/* End PBXProject section */

/* Begin PBXResourcesBuildPhase section */
		2267C89E2742303E00ACF2BC /* Resources */ = {
			isa = PBXResourcesBuildPhase;
			buildActionMask = 2147483647;
			files = (
				2267C8A62742304100ACF2BC /* Assets.xcassets in Resources */,
				2267C8A42742303E00ACF2BC /* Interface.storyboard in Resources */,
				22C21F392742D5BA00AC01EE /* GoogleService-Info.plist in Resources */,
			);
			runOnlyForDeploymentPostprocessing = 0;
		};
		2267C8A92742304100ACF2BC /* Resources */ = {
			isa = PBXResourcesBuildPhase;
			buildActionMask = 2147483647;
			files = (
				22C21F3A2742D5BA00AC01EE /* GoogleService-Info.plist in Resources */,
				2267C8B72742304200ACF2BC /* Assets.xcassets in Resources */,
			);
			runOnlyForDeploymentPostprocessing = 0;
		};
		22E938C32741DA1200FE53E4 /* Resources */ = {
			isa = PBXResourcesBuildPhase;
			buildActionMask = 2147483647;
			files = (
				22E938D42741DA1300FE53E4 /* LaunchScreen.storyboard in Resources */,
				22E938DE274226F700FE53E4 /* GoogleService-Info.plist in Resources */,
				22E938DA2741DA2300FE53E4 /* Assets.xcassets in Resources */,
				22E938CF2741DA1200FE53E4 /* Main.storyboard in Resources */,
			);
			runOnlyForDeploymentPostprocessing = 0;
		};
		D328C72A25EE080C003CEAE8 /* Resources */ = {
			isa = PBXResourcesBuildPhase;
			buildActionMask = 2147483647;
			files = (
				D328C73A25EE080D003CEAE8 /* Main.storyboard in Resources */,
				22E2CB0D2740F5F900A621CC /* GoogleService-Info.plist in Resources */,
				D328C73725EE080D003CEAE8 /* Preview Assets.xcassets in Resources */,
				D328C73425EE080D003CEAE8 /* Assets.xcassets in Resources */,
			);
			runOnlyForDeploymentPostprocessing = 0;
		};
/* End PBXResourcesBuildPhase section */

/* Begin PBXSourcesBuildPhase section */
		2267C8A72742304100ACF2BC /* Sources */ = {
			isa = PBXSourcesBuildPhase;
			buildActionMask = 2147483647;
			files = (
				2267C8B32742304100ACF2BC /* ExtensionDelegate.swift in Sources */,
				2267C8B12742304100ACF2BC /* InterfaceController.swift in Sources */,
			);
			runOnlyForDeploymentPostprocessing = 0;
		};
		22E938C12741DA1200FE53E4 /* Sources */ = {
			isa = PBXSourcesBuildPhase;
			buildActionMask = 2147483647;
			files = (
				22E938CC2741DA1200FE53E4 /* ViewController.swift in Sources */,
				22E938C82741DA1200FE53E4 /* AppDelegate.swift in Sources */,
				22E938CA2741DA1200FE53E4 /* SceneDelegate.swift in Sources */,
			);
			runOnlyForDeploymentPostprocessing = 0;
		};
		D328C72825EE080C003CEAE8 /* Sources */ = {
			isa = PBXSourcesBuildPhase;
			buildActionMask = 2147483647;
			files = (
				D328C73225EE080D003CEAE8 /* ContentView.swift in Sources */,
				22E4439327471C5400D5D55D /* NetworkMonitor.swift in Sources */,
				D328C74525EE0883003CEAE8 /* StatusBarController.swift in Sources */,
				D328C73025EE080D003CEAE8 /* AppDelegate.swift in Sources */,
			);
			runOnlyForDeploymentPostprocessing = 0;
		};
/* End PBXSourcesBuildPhase section */

/* Begin PBXTargetDependency section */
		2267C8AE2742304100ACF2BC /* PBXTargetDependency */ = {
			isa = PBXTargetDependency;
			target = 2267C8AA2742304100ACF2BC /* watch WatchKit Extension */;
			targetProxy = 2267C8AD2742304100ACF2BC /* PBXContainerItemProxy */;
		};
		2267C8BA2742304200ACF2BC /* PBXTargetDependency */ = {
			isa = PBXTargetDependency;
			target = 2267C89F2742303E00ACF2BC /* watch */;
			targetProxy = 2267C8B92742304200ACF2BC /* PBXContainerItemProxy */;
		};
/* End PBXTargetDependency section */

/* Begin PBXVariantGroup section */
		2267C8A22742303E00ACF2BC /* Interface.storyboard */ = {
			isa = PBXVariantGroup;
			children = (
				2267C8A32742303E00ACF2BC /* Base */,
			);
			name = Interface.storyboard;
			sourceTree = "<group>";
		};
		22E938CD2741DA1200FE53E4 /* Main.storyboard */ = {
			isa = PBXVariantGroup;
			children = (
				22E938CE2741DA1200FE53E4 /* Base */,
			);
			name = Main.storyboard;
			sourceTree = "<group>";
		};
		22E938D22741DA1300FE53E4 /* LaunchScreen.storyboard */ = {
			isa = PBXVariantGroup;
			children = (
				22E938D32741DA1300FE53E4 /* Base */,
			);
			name = LaunchScreen.storyboard;
			sourceTree = "<group>";
		};
		D328C73825EE080D003CEAE8 /* Main.storyboard */ = {
			isa = PBXVariantGroup;
			children = (
				D328C73925EE080D003CEAE8 /* Base */,
			);
			name = Main.storyboard;
			sourceTree = "<group>";
		};
/* End PBXVariantGroup section */

/* Begin XCBuildConfiguration section */
		2267C8BD2742304200ACF2BC /* Debug */ = {
			isa = XCBuildConfiguration;
			buildSettings = {
				ALWAYS_EMBED_SWIFT_STANDARD_LIBRARIES = YES;
				ASSETCATALOG_COMPILER_APPICON_NAME = AppIcon;
				ASSETCATALOG_COMPILER_GLOBAL_ACCENT_COLOR_NAME = AccentColor;
				CLANG_CXX_LANGUAGE_STANDARD = "gnu++17";
				CODE_SIGN_STYLE = Automatic;
				CURRENT_PROJECT_VERSION = 3;
				DEVELOPMENT_TEAM = L7JQRVXU2V;
				GENERATE_INFOPLIST_FILE = YES;
				IBSC_MODULE = watch_WatchKit_Extension;
				INFOPLIST_KEY_UISupportedInterfaceOrientations = "UIInterfaceOrientationPortrait UIInterfaceOrientationPortraitUpsideDown";
				INFOPLIST_KEY_WKCompanionAppBundleIdentifier = com.Mcrich23.ScreenSaver.ios;
				MARKETING_VERSION = 1.0;
				PRODUCT_BUNDLE_IDENTIFIER = com.Mcrich23.ScreenSaver.ios.watchkitapp;
				PRODUCT_NAME = SSR;
				SDKROOT = watchos;
				SKIP_INSTALL = YES;
				SWIFT_EMIT_LOC_STRINGS = YES;
				SWIFT_VERSION = 5.0;
				TARGETED_DEVICE_FAMILY = 4;
				WATCHOS_DEPLOYMENT_TARGET = 8.0;
			};
			name = Debug;
		};
		2267C8BE2742304200ACF2BC /* Release */ = {
			isa = XCBuildConfiguration;
			buildSettings = {
				ALWAYS_EMBED_SWIFT_STANDARD_LIBRARIES = YES;
				ASSETCATALOG_COMPILER_APPICON_NAME = AppIcon;
				ASSETCATALOG_COMPILER_GLOBAL_ACCENT_COLOR_NAME = AccentColor;
				CLANG_CXX_LANGUAGE_STANDARD = "gnu++17";
				CODE_SIGN_STYLE = Automatic;
				CURRENT_PROJECT_VERSION = 3;
				DEVELOPMENT_TEAM = L7JQRVXU2V;
				GENERATE_INFOPLIST_FILE = YES;
				IBSC_MODULE = watch_WatchKit_Extension;
				INFOPLIST_KEY_UISupportedInterfaceOrientations = "UIInterfaceOrientationPortrait UIInterfaceOrientationPortraitUpsideDown";
				INFOPLIST_KEY_WKCompanionAppBundleIdentifier = com.Mcrich23.ScreenSaver.ios;
				MARKETING_VERSION = 1.0;
				PRODUCT_BUNDLE_IDENTIFIER = com.Mcrich23.ScreenSaver.ios.watchkitapp;
				PRODUCT_NAME = SSR;
				SDKROOT = watchos;
				SKIP_INSTALL = YES;
				SWIFT_EMIT_LOC_STRINGS = YES;
				SWIFT_VERSION = 5.0;
				TARGETED_DEVICE_FAMILY = 4;
				VALIDATE_PRODUCT = YES;
				WATCHOS_DEPLOYMENT_TARGET = 8.0;
			};
			name = Release;
		};
		2267C8C02742304200ACF2BC /* Debug */ = {
			isa = XCBuildConfiguration;
			buildSettings = {
				ASSETCATALOG_COMPILER_COMPLICATION_NAME = "";
				CLANG_CXX_LANGUAGE_STANDARD = "gnu++17";
				CODE_SIGN_STYLE = Automatic;
				CURRENT_PROJECT_VERSION = 3;
				DEVELOPMENT_TEAM = L7JQRVXU2V;
				GENERATE_INFOPLIST_FILE = YES;
				INFOPLIST_FILE = "watch WatchKit Extension/Info.plist";
				INFOPLIST_KEY_CFBundleDisplayName = "watch WatchKit Extension";
				INFOPLIST_KEY_CLKComplicationPrincipalClass = watch_WatchKit_Extension.ComplicationController;
				INFOPLIST_KEY_NSHumanReadableCopyright = "";
				INFOPLIST_KEY_WKExtensionDelegateClassName = watch_WatchKit_Extension.ExtensionDelegate;
				LD_RUNPATH_SEARCH_PATHS = (
					"$(inherited)",
					"@executable_path/Frameworks",
					"@executable_path/../../Frameworks",
				);
				MARKETING_VERSION = 1.0;
				PRODUCT_BUNDLE_IDENTIFIER = com.Mcrich23.ScreenSaver.ios.watchkitapp.watchkitextension;
				PRODUCT_NAME = "${TARGET_NAME}";
				SDKROOT = watchos;
				SKIP_INSTALL = YES;
				SWIFT_EMIT_LOC_STRINGS = YES;
				SWIFT_VERSION = 5.0;
				TARGETED_DEVICE_FAMILY = 4;
				WATCHOS_DEPLOYMENT_TARGET = 8.0;
			};
			name = Debug;
		};
		2267C8C12742304200ACF2BC /* Release */ = {
			isa = XCBuildConfiguration;
			buildSettings = {
				ASSETCATALOG_COMPILER_COMPLICATION_NAME = "";
				CLANG_CXX_LANGUAGE_STANDARD = "gnu++17";
				CODE_SIGN_STYLE = Automatic;
				CURRENT_PROJECT_VERSION = 3;
				DEVELOPMENT_TEAM = L7JQRVXU2V;
				GENERATE_INFOPLIST_FILE = YES;
				INFOPLIST_FILE = "watch WatchKit Extension/Info.plist";
				INFOPLIST_KEY_CFBundleDisplayName = "watch WatchKit Extension";
				INFOPLIST_KEY_CLKComplicationPrincipalClass = watch_WatchKit_Extension.ComplicationController;
				INFOPLIST_KEY_NSHumanReadableCopyright = "";
				INFOPLIST_KEY_WKExtensionDelegateClassName = watch_WatchKit_Extension.ExtensionDelegate;
				LD_RUNPATH_SEARCH_PATHS = (
					"$(inherited)",
					"@executable_path/Frameworks",
					"@executable_path/../../Frameworks",
				);
				MARKETING_VERSION = 1.0;
				PRODUCT_BUNDLE_IDENTIFIER = com.Mcrich23.ScreenSaver.ios.watchkitapp.watchkitextension;
				PRODUCT_NAME = "${TARGET_NAME}";
				SDKROOT = watchos;
				SKIP_INSTALL = YES;
				SWIFT_EMIT_LOC_STRINGS = YES;
				SWIFT_VERSION = 5.0;
				TARGETED_DEVICE_FAMILY = 4;
				VALIDATE_PRODUCT = YES;
				WATCHOS_DEPLOYMENT_TARGET = 8.0;
			};
			name = Release;
		};
		22E938D72741DA1300FE53E4 /* Debug */ = {
			isa = XCBuildConfiguration;
			buildSettings = {
				ASSETCATALOG_COMPILER_APPICON_NAME = AppIcon;
				ASSETCATALOG_COMPILER_GLOBAL_ACCENT_COLOR_NAME = AccentColor;
				CLANG_CXX_LANGUAGE_STANDARD = "gnu++17";
				CODE_SIGN_STYLE = Automatic;
				CURRENT_PROJECT_VERSION = 3;
				DEVELOPMENT_TEAM = L7JQRVXU2V;
				EXCLUDED_ARCHS = "";
				GENERATE_INFOPLIST_FILE = YES;
				INFOPLIST_FILE = iosScreenSaver/Info.plist;
				INFOPLIST_KEY_CFBundleDisplayName = SSR;
				INFOPLIST_KEY_UIApplicationSupportsIndirectInputEvents = YES;
				INFOPLIST_KEY_UILaunchStoryboardName = LaunchScreen;
				INFOPLIST_KEY_UIMainStoryboardFile = Main;
				INFOPLIST_KEY_UISupportedInterfaceOrientations_iPad = "UIInterfaceOrientationPortrait UIInterfaceOrientationPortraitUpsideDown UIInterfaceOrientationLandscapeLeft UIInterfaceOrientationLandscapeRight";
				INFOPLIST_KEY_UISupportedInterfaceOrientations_iPhone = "UIInterfaceOrientationPortrait UIInterfaceOrientationLandscapeLeft UIInterfaceOrientationLandscapeRight";
				IPHONEOS_DEPLOYMENT_TARGET = 15.0;
				LD_RUNPATH_SEARCH_PATHS = (
					"$(inherited)",
					"@executable_path/Frameworks",
				);
				MARKETING_VERSION = 1.0;
				PRODUCT_BUNDLE_IDENTIFIER = com.Mcrich23.ScreenSaver.ios;
				PRODUCT_NAME = "$(TARGET_NAME)";
				SDKROOT = iphoneos;
				SWIFT_EMIT_LOC_STRINGS = YES;
				SWIFT_VERSION = 5.0;
				TARGETED_DEVICE_FAMILY = "1,2";
			};
			name = Debug;
		};
		22E938D82741DA1300FE53E4 /* Release */ = {
			isa = XCBuildConfiguration;
			buildSettings = {
				ASSETCATALOG_COMPILER_APPICON_NAME = AppIcon;
				ASSETCATALOG_COMPILER_GLOBAL_ACCENT_COLOR_NAME = AccentColor;
				CLANG_CXX_LANGUAGE_STANDARD = "gnu++17";
				CODE_SIGN_STYLE = Automatic;
				CURRENT_PROJECT_VERSION = 3;
				DEVELOPMENT_TEAM = L7JQRVXU2V;
				EXCLUDED_ARCHS = "";
				GENERATE_INFOPLIST_FILE = YES;
				INFOPLIST_FILE = iosScreenSaver/Info.plist;
				INFOPLIST_KEY_CFBundleDisplayName = SSR;
				INFOPLIST_KEY_UIApplicationSupportsIndirectInputEvents = YES;
				INFOPLIST_KEY_UILaunchStoryboardName = LaunchScreen;
				INFOPLIST_KEY_UIMainStoryboardFile = Main;
				INFOPLIST_KEY_UISupportedInterfaceOrientations_iPad = "UIInterfaceOrientationPortrait UIInterfaceOrientationPortraitUpsideDown UIInterfaceOrientationLandscapeLeft UIInterfaceOrientationLandscapeRight";
				INFOPLIST_KEY_UISupportedInterfaceOrientations_iPhone = "UIInterfaceOrientationPortrait UIInterfaceOrientationLandscapeLeft UIInterfaceOrientationLandscapeRight";
				IPHONEOS_DEPLOYMENT_TARGET = 15.0;
				LD_RUNPATH_SEARCH_PATHS = (
					"$(inherited)",
					"@executable_path/Frameworks",
				);
				MARKETING_VERSION = 1.0;
				PRODUCT_BUNDLE_IDENTIFIER = com.Mcrich23.ScreenSaver.ios;
				PRODUCT_NAME = "$(TARGET_NAME)";
				SDKROOT = iphoneos;
				SWIFT_EMIT_LOC_STRINGS = YES;
				SWIFT_VERSION = 5.0;
				TARGETED_DEVICE_FAMILY = "1,2";
				VALIDATE_PRODUCT = YES;
			};
			name = Release;
		};
		D328C73D25EE080D003CEAE8 /* Debug */ = {
			isa = XCBuildConfiguration;
			buildSettings = {
				ALWAYS_SEARCH_USER_PATHS = NO;
				CLANG_ANALYZER_NONNULL = YES;
				CLANG_ANALYZER_NUMBER_OBJECT_CONVERSION = YES_AGGRESSIVE;
				CLANG_CXX_LANGUAGE_STANDARD = "gnu++14";
				CLANG_CXX_LIBRARY = "libc++";
				CLANG_ENABLE_MODULES = YES;
				CLANG_ENABLE_OBJC_ARC = YES;
				CLANG_ENABLE_OBJC_WEAK = YES;
				CLANG_WARN_BLOCK_CAPTURE_AUTORELEASING = YES;
				CLANG_WARN_BOOL_CONVERSION = YES;
				CLANG_WARN_COMMA = YES;
				CLANG_WARN_CONSTANT_CONVERSION = YES;
				CLANG_WARN_DEPRECATED_OBJC_IMPLEMENTATIONS = YES;
				CLANG_WARN_DIRECT_OBJC_ISA_USAGE = YES_ERROR;
				CLANG_WARN_DOCUMENTATION_COMMENTS = YES;
				CLANG_WARN_EMPTY_BODY = YES;
				CLANG_WARN_ENUM_CONVERSION = YES;
				CLANG_WARN_INFINITE_RECURSION = YES;
				CLANG_WARN_INT_CONVERSION = YES;
				CLANG_WARN_NON_LITERAL_NULL_CONVERSION = YES;
				CLANG_WARN_OBJC_IMPLICIT_RETAIN_SELF = YES;
				CLANG_WARN_OBJC_LITERAL_CONVERSION = YES;
				CLANG_WARN_OBJC_ROOT_CLASS = YES_ERROR;
				CLANG_WARN_QUOTED_INCLUDE_IN_FRAMEWORK_HEADER = YES;
				CLANG_WARN_RANGE_LOOP_ANALYSIS = YES;
				CLANG_WARN_STRICT_PROTOTYPES = YES;
				CLANG_WARN_SUSPICIOUS_MOVE = YES;
				CLANG_WARN_UNGUARDED_AVAILABILITY = YES_AGGRESSIVE;
				CLANG_WARN_UNREACHABLE_CODE = YES;
				CLANG_WARN__DUPLICATE_METHOD_MATCH = YES;
				COPY_PHASE_STRIP = NO;
				DEBUG_INFORMATION_FORMAT = dwarf;
				ENABLE_STRICT_OBJC_MSGSEND = YES;
				ENABLE_TESTABILITY = YES;
				GCC_C_LANGUAGE_STANDARD = gnu11;
				GCC_DYNAMIC_NO_PIC = NO;
				GCC_NO_COMMON_BLOCKS = YES;
				GCC_OPTIMIZATION_LEVEL = 0;
				GCC_PREPROCESSOR_DEFINITIONS = (
					"DEBUG=1",
					"$(inherited)",
				);
				GCC_WARN_64_TO_32_BIT_CONVERSION = YES;
				GCC_WARN_ABOUT_RETURN_TYPE = YES_ERROR;
				GCC_WARN_UNDECLARED_SELECTOR = YES;
				GCC_WARN_UNINITIALIZED_AUTOS = YES_AGGRESSIVE;
				GCC_WARN_UNUSED_FUNCTION = YES;
				GCC_WARN_UNUSED_VARIABLE = YES;
				MACOSX_DEPLOYMENT_TARGET = 11.1;
				MTL_ENABLE_DEBUG_INFO = INCLUDE_SOURCE;
				MTL_FAST_MATH = YES;
				ONLY_ACTIVE_ARCH = YES;
				SDKROOT = macosx;
				SWIFT_ACTIVE_COMPILATION_CONDITIONS = DEBUG;
				SWIFT_OPTIMIZATION_LEVEL = "-Onone";
			};
			name = Debug;
		};
		D328C73E25EE080D003CEAE8 /* Release */ = {
			isa = XCBuildConfiguration;
			buildSettings = {
				ALWAYS_SEARCH_USER_PATHS = NO;
				CLANG_ANALYZER_NONNULL = YES;
				CLANG_ANALYZER_NUMBER_OBJECT_CONVERSION = YES_AGGRESSIVE;
				CLANG_CXX_LANGUAGE_STANDARD = "gnu++14";
				CLANG_CXX_LIBRARY = "libc++";
				CLANG_ENABLE_MODULES = YES;
				CLANG_ENABLE_OBJC_ARC = YES;
				CLANG_ENABLE_OBJC_WEAK = YES;
				CLANG_WARN_BLOCK_CAPTURE_AUTORELEASING = YES;
				CLANG_WARN_BOOL_CONVERSION = YES;
				CLANG_WARN_COMMA = YES;
				CLANG_WARN_CONSTANT_CONVERSION = YES;
				CLANG_WARN_DEPRECATED_OBJC_IMPLEMENTATIONS = YES;
				CLANG_WARN_DIRECT_OBJC_ISA_USAGE = YES_ERROR;
				CLANG_WARN_DOCUMENTATION_COMMENTS = YES;
				CLANG_WARN_EMPTY_BODY = YES;
				CLANG_WARN_ENUM_CONVERSION = YES;
				CLANG_WARN_INFINITE_RECURSION = YES;
				CLANG_WARN_INT_CONVERSION = YES;
				CLANG_WARN_NON_LITERAL_NULL_CONVERSION = YES;
				CLANG_WARN_OBJC_IMPLICIT_RETAIN_SELF = YES;
				CLANG_WARN_OBJC_LITERAL_CONVERSION = YES;
				CLANG_WARN_OBJC_ROOT_CLASS = YES_ERROR;
				CLANG_WARN_QUOTED_INCLUDE_IN_FRAMEWORK_HEADER = YES;
				CLANG_WARN_RANGE_LOOP_ANALYSIS = YES;
				CLANG_WARN_STRICT_PROTOTYPES = YES;
				CLANG_WARN_SUSPICIOUS_MOVE = YES;
				CLANG_WARN_UNGUARDED_AVAILABILITY = YES_AGGRESSIVE;
				CLANG_WARN_UNREACHABLE_CODE = YES;
				CLANG_WARN__DUPLICATE_METHOD_MATCH = YES;
				COPY_PHASE_STRIP = NO;
				DEBUG_INFORMATION_FORMAT = "dwarf-with-dsym";
				ENABLE_NS_ASSERTIONS = NO;
				ENABLE_STRICT_OBJC_MSGSEND = YES;
				GCC_C_LANGUAGE_STANDARD = gnu11;
				GCC_NO_COMMON_BLOCKS = YES;
				GCC_WARN_64_TO_32_BIT_CONVERSION = YES;
				GCC_WARN_ABOUT_RETURN_TYPE = YES_ERROR;
				GCC_WARN_UNDECLARED_SELECTOR = YES;
				GCC_WARN_UNINITIALIZED_AUTOS = YES_AGGRESSIVE;
				GCC_WARN_UNUSED_FUNCTION = YES;
				GCC_WARN_UNUSED_VARIABLE = YES;
				MACOSX_DEPLOYMENT_TARGET = 11.1;
				MTL_ENABLE_DEBUG_INFO = NO;
				MTL_FAST_MATH = YES;
				SDKROOT = macosx;
				SWIFT_COMPILATION_MODE = wholemodule;
				SWIFT_OPTIMIZATION_LEVEL = "-O";
			};
			name = Release;
		};
		D328C74025EE080D003CEAE8 /* Debug */ = {
			isa = XCBuildConfiguration;
			buildSettings = {
				ASSETCATALOG_COMPILER_APPICON_NAME = AppIcon;
				ASSETCATALOG_COMPILER_GLOBAL_ACCENT_COLOR_NAME = AccentColor;
				CODE_SIGN_ENTITLEMENTS = "Screen Saver/Screen Saver.entitlements";
				CODE_SIGN_IDENTITY = "Apple Development";
				CODE_SIGN_STYLE = Automatic;
				COMBINE_HIDPI_IMAGES = YES;
				CURRENT_PROJECT_VERSION = 1;
				DEVELOPMENT_ASSET_PATHS = "\"Screen Saver/Preview Content\"";
				DEVELOPMENT_TEAM = L7JQRVXU2V;
				ENABLE_HARDENED_RUNTIME = NO;
				ENABLE_PREVIEWS = YES;
				EXCLUDED_ARCHS = "";
				INFOPLIST_FILE = "Screen Saver/Info.plist";
				LD_RUNPATH_SEARCH_PATHS = (
					"$(inherited)",
					"@executable_path/../Frameworks",
				);
				MACOSX_DEPLOYMENT_TARGET = 11.0;
				MARKETING_VERSION = 1.1.1;
				PRODUCT_BUNDLE_IDENTIFIER = com.Mcrich23.ScreenSaver;
				PRODUCT_NAME = "$(TARGET_NAME)";
				SWIFT_VERSION = 5.0;
			};
			name = Debug;
		};
		D328C74125EE080D003CEAE8 /* Release */ = {
			isa = XCBuildConfiguration;
			buildSettings = {
				ASSETCATALOG_COMPILER_APPICON_NAME = AppIcon;
				ASSETCATALOG_COMPILER_GLOBAL_ACCENT_COLOR_NAME = AccentColor;
				CODE_SIGN_ENTITLEMENTS = "Screen Saver/Screen Saver.entitlements";
				CODE_SIGN_IDENTITY = "Apple Development";
				CODE_SIGN_STYLE = Automatic;
				COMBINE_HIDPI_IMAGES = YES;
				CURRENT_PROJECT_VERSION = 1;
				DEVELOPMENT_ASSET_PATHS = "\"Screen Saver/Preview Content\"";
				DEVELOPMENT_TEAM = L7JQRVXU2V;
				ENABLE_HARDENED_RUNTIME = NO;
				ENABLE_PREVIEWS = YES;
				EXCLUDED_ARCHS = "";
				INFOPLIST_FILE = "Screen Saver/Info.plist";
				LD_RUNPATH_SEARCH_PATHS = (
					"$(inherited)",
					"@executable_path/../Frameworks",
				);
				MACOSX_DEPLOYMENT_TARGET = 11.0;
				MARKETING_VERSION = 1.1.1;
				PRODUCT_BUNDLE_IDENTIFIER = com.Mcrich23.ScreenSaver;
				PRODUCT_NAME = "$(TARGET_NAME)";
				SWIFT_VERSION = 5.0;
			};
			name = Release;
		};
/* End XCBuildConfiguration section */

/* Begin XCConfigurationList section */
		2267C8C22742304200ACF2BC /* Build configuration list for PBXNativeTarget "watch WatchKit Extension" */ = {
			isa = XCConfigurationList;
			buildConfigurations = (
				2267C8C02742304200ACF2BC /* Debug */,
				2267C8C12742304200ACF2BC /* Release */,
			);
			defaultConfigurationIsVisible = 0;
			defaultConfigurationName = Release;
		};
		2267C8C32742304200ACF2BC /* Build configuration list for PBXNativeTarget "watch" */ = {
			isa = XCConfigurationList;
			buildConfigurations = (
				2267C8BD2742304200ACF2BC /* Debug */,
				2267C8BE2742304200ACF2BC /* Release */,
			);
			defaultConfigurationIsVisible = 0;
			defaultConfigurationName = Release;
		};
		22E938D62741DA1300FE53E4 /* Build configuration list for PBXNativeTarget "iosScreenSaver" */ = {
			isa = XCConfigurationList;
			buildConfigurations = (
				22E938D72741DA1300FE53E4 /* Debug */,
				22E938D82741DA1300FE53E4 /* Release */,
			);
			defaultConfigurationIsVisible = 0;
			defaultConfigurationName = Release;
		};
		D328C72725EE080C003CEAE8 /* Build configuration list for PBXProject "Screen Saver" */ = {
			isa = XCConfigurationList;
			buildConfigurations = (
				D328C73D25EE080D003CEAE8 /* Debug */,
				D328C73E25EE080D003CEAE8 /* Release */,
			);
			defaultConfigurationIsVisible = 0;
			defaultConfigurationName = Release;
		};
		D328C73F25EE080D003CEAE8 /* Build configuration list for PBXNativeTarget "Screen Saver Reciever" */ = {
			isa = XCConfigurationList;
			buildConfigurations = (
				D328C74025EE080D003CEAE8 /* Debug */,
				D328C74125EE080D003CEAE8 /* Release */,
			);
			defaultConfigurationIsVisible = 0;
			defaultConfigurationName = Release;
		};
/* End XCConfigurationList section */

/* Begin XCRemoteSwiftPackageReference section */
		2265C18B2745A2CE0015240A /* XCRemoteSwiftPackageReference "firebase-ios-sdk" */ = {
			isa = XCRemoteSwiftPackageReference;
			repositoryURL = "https://github.com/firebase/firebase-ios-sdk";
			requirement = {
				branch = master;
				kind = branch;
			};
		};
/* End XCRemoteSwiftPackageReference section */

/* Begin XCSwiftPackageProductDependency section */
		2265C18C2745A2CE0015240A /* FirebaseDatabase */ = {
			isa = XCSwiftPackageProductDependency;
			package = 2265C18B2745A2CE0015240A /* XCRemoteSwiftPackageReference "firebase-ios-sdk" */;
			productName = FirebaseDatabase;
		};
		2265C18E2745A2CE0015240A /* FirebaseDatabaseSwift-Beta */ = {
			isa = XCSwiftPackageProductDependency;
			package = 2265C18B2745A2CE0015240A /* XCRemoteSwiftPackageReference "firebase-ios-sdk" */;
			productName = "FirebaseDatabaseSwift-Beta";
		};
		2265C1912745A2E60015240A /* FirebaseDatabase */ = {
			isa = XCSwiftPackageProductDependency;
			package = 2265C18B2745A2CE0015240A /* XCRemoteSwiftPackageReference "firebase-ios-sdk" */;
			productName = FirebaseDatabase;
		};
		2265C1932745A2E60015240A /* FirebaseDatabaseSwift-Beta */ = {
			isa = XCSwiftPackageProductDependency;
			package = 2265C18B2745A2CE0015240A /* XCRemoteSwiftPackageReference "firebase-ios-sdk" */;
			productName = "FirebaseDatabaseSwift-Beta";
		};
		2265C1952745A2EF0015240A /* FirebaseDatabase */ = {
			isa = XCSwiftPackageProductDependency;
			package = 2265C18B2745A2CE0015240A /* XCRemoteSwiftPackageReference "firebase-ios-sdk" */;
			productName = FirebaseDatabase;
		};
		2265C1972745A2EF0015240A /* FirebaseDatabaseSwift-Beta */ = {
			isa = XCSwiftPackageProductDependency;
			package = 2265C18B2745A2CE0015240A /* XCRemoteSwiftPackageReference "firebase-ios-sdk" */;
			productName = "FirebaseDatabaseSwift-Beta";
		};
		2265C1992745A2F90015240A /* FirebaseDatabase */ = {
			isa = XCSwiftPackageProductDependency;
			package = 2265C18B2745A2CE0015240A /* XCRemoteSwiftPackageReference "firebase-ios-sdk" */;
			productName = FirebaseDatabase;
		};
		2265C19B2745A2F90015240A /* FirebaseDatabaseSwift-Beta */ = {
			isa = XCSwiftPackageProductDependency;
			package = 2265C18B2745A2CE0015240A /* XCRemoteSwiftPackageReference "firebase-ios-sdk" */;
			productName = "FirebaseDatabaseSwift-Beta";
		};
/* End XCSwiftPackageProductDependency section */
	};
	rootObject = D328C72425EE080C003CEAE8 /* Project object */;
}
